// !$*UTF8*$!
{
	archiveVersion = 1;
	classes = {
	};
	objectVersion = 50;
	objects = {

/* Begin PBXBuildFile section */
		040B875D24C6FBAA000BA05D /* Country Model.swift in Sources */ = {isa = PBXBuildFile; fileRef = 040B875C24C6FBAA000BA05D /* Country Model.swift */; };
		040B875F24C6FBF3000BA05D /* Country Data Manager.swift in Sources */ = {isa = PBXBuildFile; fileRef = 040B875E24C6FBF3000BA05D /* Country Data Manager.swift */; };
		040B876124C710E2000BA05D /* BaseViewController.swift in Sources */ = {isa = PBXBuildFile; fileRef = 040B876024C710E2000BA05D /* BaseViewController.swift */; };
		041E8E8D24BB64E800225DEE /* BMI.swift in Sources */ = {isa = PBXBuildFile; fileRef = 041E8E8C24BB64E800225DEE /* BMI.swift */; };
		0422249E24BB0593002555FE /* AppDelegate.swift in Sources */ = {isa = PBXBuildFile; fileRef = 0422249D24BB0593002555FE /* AppDelegate.swift */; };
		042224A024BB0593002555FE /* SceneDelegate.swift in Sources */ = {isa = PBXBuildFile; fileRef = 0422249F24BB0593002555FE /* SceneDelegate.swift */; };
		042224A224BB0593002555FE /* CalculateViewController.swift in Sources */ = {isa = PBXBuildFile; fileRef = 042224A124BB0593002555FE /* CalculateViewController.swift */; };
		042224A524BB0593002555FE /* Main.storyboard in Resources */ = {isa = PBXBuildFile; fileRef = 042224A324BB0593002555FE /* Main.storyboard */; };
		042224A724BB059C002555FE /* Assets.xcassets in Resources */ = {isa = PBXBuildFile; fileRef = 042224A624BB059C002555FE /* Assets.xcassets */; };
		042224AA24BB059C002555FE /* LaunchScreen.storyboard in Resources */ = {isa = PBXBuildFile; fileRef = 042224A824BB059C002555FE /* LaunchScreen.storyboard */; };
		042224B924BB344D002555FE /* ResultViewController.swift in Sources */ = {isa = PBXBuildFile; fileRef = 042224B824BB344D002555FE /* ResultViewController.swift */; };
		04241DE624BEC2BD001477B2 /* InformationViewController.swift in Sources */ = {isa = PBXBuildFile; fileRef = 04241DE524BEC2BD001477B2 /* InformationViewController.swift */; };
		04241DE924BEE2F1001477B2 /* BMICalctatorBrain.swift in Sources */ = {isa = PBXBuildFile; fileRef = 04241DE824BEE2F1001477B2 /* BMICalctatorBrain.swift */; };
		04241DEB24BF143D001477B2 /* Advice.swift in Sources */ = {isa = PBXBuildFile; fileRef = 04241DEA24BF143D001477B2 /* Advice.swift */; };
		04241DED24BF1462001477B2 /* Information.swift in Sources */ = {isa = PBXBuildFile; fileRef = 04241DEC24BF1462001477B2 /* Information.swift */; };
		04241DEF24BF1B49001477B2 /* InformationBrain.swift in Sources */ = {isa = PBXBuildFile; fileRef = 04241DEE24BF1B48001477B2 /* InformationBrain.swift */; };
		042C689124CAE6A80083A495 /* Base Class.swift in Sources */ = {isa = PBXBuildFile; fileRef = 042C689024CAE6A80083A495 /* Base Class.swift */; };
		042C689924CAF50A0083A495 /* Rain.swift in Sources */ = {isa = PBXBuildFile; fileRef = 042C689224CAF5090083A495 /* Rain.swift */; };
		042C689A24CAF50A0083A495 /* Main.swift in Sources */ = {isa = PBXBuildFile; fileRef = 042C689624CAF50A0083A495 /* Main.swift */; };
		042C689B24CAF50A0083A495 /* Coord.swift in Sources */ = {isa = PBXBuildFile; fileRef = 042C689724CAF50A0083A495 /* Coord.swift */; };
		042C689C24CAF50A0083A495 /* Wind.swift in Sources */ = {isa = PBXBuildFile; fileRef = 042C689324CAF5090083A495 /* Wind.swift */; };
		042C689D24CAF50A0083A495 /* Sys.swift in Sources */ = {isa = PBXBuildFile; fileRef = 042C689424CAF5090083A495 /* Sys.swift */; };
		042C689E24CAF50A0083A495 /* Clouds.swift in Sources */ = {isa = PBXBuildFile; fileRef = 042C689524CAF5090083A495 /* Clouds.swift */; };
		042C689F24CAF50A0083A495 /* Weather.swift in Sources */ = {isa = PBXBuildFile; fileRef = 042C689824CAF50A0083A495 /* Weather.swift */; };
		042C68A124CAF8900083A495 /* Weather Model.swift in Sources */ = {isa = PBXBuildFile; fileRef = 042C68A024CAF8900083A495 /* Weather Model.swift */; };
		042C68C524CB01830083A495 /* UpdatedDataTableViewController.swift in Sources */ = {isa = PBXBuildFile; fileRef = 042C68C424CB01830083A495 /* UpdatedDataTableViewController.swift */; };
		04393AF124C1845E00C76FAF /* Covid19ViewController.swift in Sources */ = {isa = PBXBuildFile; fileRef = 04393AF024C1845E00C76FAF /* Covid19ViewController.swift */; };
		04393AF424C1848300C76FAF /* WeatherInformationViewController.swift in Sources */ = {isa = PBXBuildFile; fileRef = 04393AF324C1848300C76FAF /* WeatherInformationViewController.swift */; };
		0449FF2224C8640F0010C1FB /* Country List.swift in Sources */ = {isa = PBXBuildFile; fileRef = 0449FF2124C8640F0010C1FB /* Country List.swift */; };
		046BD92F24C2C78700585D8C /* Weather.jpg in Resources */ = {isa = PBXBuildFile; fileRef = 046BD92C24C2C78600585D8C /* Weather.jpg */; };
		046BD93024C2C78700585D8C /* BMICalculator.jpg in Resources */ = {isa = PBXBuildFile; fileRef = 046BD92D24C2C78700585D8C /* BMICalculator.jpg */; };
		046BD93124C2C78700585D8C /* Covid19Update.jpg in Resources */ = {isa = PBXBuildFile; fileRef = 046BD92E24C2C78700585D8C /* Covid19Update.jpg */; };
		046BD93324C2C98200585D8C /* Covid19UpdateViewController.swift in Sources */ = {isa = PBXBuildFile; fileRef = 046BD93224C2C98200585D8C /* Covid19UpdateViewController.swift */; };
		046BD93524C2C9E100585D8C /* WeatherViewController.swift in Sources */ = {isa = PBXBuildFile; fileRef = 046BD93424C2C9E100585D8C /* WeatherViewController.swift */; };
		046BD93724C2D81700585D8C /* BMIViewController.swift in Sources */ = {isa = PBXBuildFile; fileRef = 046BD93624C2D81700585D8C /* BMIViewController.swift */; };
		046C2B9924C02E36007ADFAC /* AdviceViewController.swift in Sources */ = {isa = PBXBuildFile; fileRef = 046C2B9824C02E36007ADFAC /* AdviceViewController.swift */; };
		046C2BBB24C0852C007ADFAC /* AdviceBrain.swift in Sources */ = {isa = PBXBuildFile; fileRef = 046C2BBA24C0852C007ADFAC /* AdviceBrain.swift */; };
		046C2BBD24C0B0C3007ADFAC /* WebViewController.swift in Sources */ = {isa = PBXBuildFile; fileRef = 046C2BBC24C0B0C3007ADFAC /* WebViewController.swift */; };
		04ED1B5224C9A12100EC154D /* Country List Manager.swift in Sources */ = {isa = PBXBuildFile; fileRef = 04ED1B5124C9A12100EC154D /* Country List Manager.swift */; };
		04ED1B5424C9A6AA00EC154D /* CounrtyListTableViewController.swift in Sources */ = {isa = PBXBuildFile; fileRef = 04ED1B5324C9A6AA00EC154D /* CounrtyListTableViewController.swift */; };
		04FCA09724C5E54400F0565B /* WeatherManager.swift in Sources */ = {isa = PBXBuildFile; fileRef = 04FCA09624C5E54400F0565B /* WeatherManager.swift */; };
/* End PBXBuildFile section */

/* Begin PBXFileReference section */
		040B875C24C6FBAA000BA05D /* Country Model.swift */ = {isa = PBXFileReference; lastKnownFileType = sourcecode.swift; path = "Country Model.swift"; sourceTree = "<group>"; };
		040B875E24C6FBF3000BA05D /* Country Data Manager.swift */ = {isa = PBXFileReference; lastKnownFileType = sourcecode.swift; path = "Country Data Manager.swift"; sourceTree = "<group>"; };
		040B876024C710E2000BA05D /* BaseViewController.swift */ = {isa = PBXFileReference; lastKnownFileType = sourcecode.swift; path = BaseViewController.swift; sourceTree = "<group>"; };
		041E8E8C24BB64E800225DEE /* BMI.swift */ = {isa = PBXFileReference; lastKnownFileType = sourcecode.swift; path = BMI.swift; sourceTree = "<group>"; };
		0422249A24BB0592002555FE /* Health Care App.app */ = {isa = PBXFileReference; explicitFileType = wrapper.application; includeInIndex = 0; path = "Health Care App.app"; sourceTree = BUILT_PRODUCTS_DIR; };
		0422249D24BB0593002555FE /* AppDelegate.swift */ = {isa = PBXFileReference; lastKnownFileType = sourcecode.swift; path = AppDelegate.swift; sourceTree = "<group>"; };
		0422249F24BB0593002555FE /* SceneDelegate.swift */ = {isa = PBXFileReference; lastKnownFileType = sourcecode.swift; path = SceneDelegate.swift; sourceTree = "<group>"; };
		042224A124BB0593002555FE /* CalculateViewController.swift */ = {isa = PBXFileReference; lastKnownFileType = sourcecode.swift; path = CalculateViewController.swift; sourceTree = "<group>"; };
		042224A424BB0593002555FE /* Base */ = {isa = PBXFileReference; lastKnownFileType = file.storyboard; name = Base; path = Base.lproj/Main.storyboard; sourceTree = "<group>"; };
		042224A624BB059C002555FE /* Assets.xcassets */ = {isa = PBXFileReference; lastKnownFileType = folder.assetcatalog; path = Assets.xcassets; sourceTree = "<group>"; };
		042224A924BB059C002555FE /* Base */ = {isa = PBXFileReference; lastKnownFileType = file.storyboard; name = Base; path = Base.lproj/LaunchScreen.storyboard; sourceTree = "<group>"; };
		042224AB24BB059C002555FE /* Info.plist */ = {isa = PBXFileReference; lastKnownFileType = text.plist.xml; path = Info.plist; sourceTree = "<group>"; };
		042224B824BB344D002555FE /* ResultViewController.swift */ = {isa = PBXFileReference; lastKnownFileType = sourcecode.swift; path = ResultViewController.swift; sourceTree = "<group>"; };
		04241DE524BEC2BD001477B2 /* InformationViewController.swift */ = {isa = PBXFileReference; lastKnownFileType = sourcecode.swift; path = InformationViewController.swift; sourceTree = "<group>"; };
		04241DE824BEE2F1001477B2 /* BMICalctatorBrain.swift */ = {isa = PBXFileReference; lastKnownFileType = sourcecode.swift; path = BMICalctatorBrain.swift; sourceTree = "<group>"; };
		04241DEA24BF143D001477B2 /* Advice.swift */ = {isa = PBXFileReference; lastKnownFileType = sourcecode.swift; path = Advice.swift; sourceTree = "<group>"; };
		04241DEC24BF1462001477B2 /* Information.swift */ = {isa = PBXFileReference; lastKnownFileType = sourcecode.swift; path = Information.swift; sourceTree = "<group>"; };
		04241DEE24BF1B48001477B2 /* InformationBrain.swift */ = {isa = PBXFileReference; lastKnownFileType = sourcecode.swift; path = InformationBrain.swift; sourceTree = "<group>"; };
		042C689024CAE6A80083A495 /* Base Class.swift */ = {isa = PBXFileReference; lastKnownFileType = sourcecode.swift; path = "Base Class.swift"; sourceTree = "<group>"; };
		042C689224CAF5090083A495 /* Rain.swift */ = {isa = PBXFileReference; lastKnownFileType = sourcecode.swift; path = Rain.swift; sourceTree = "<group>"; };
		042C689324CAF5090083A495 /* Wind.swift */ = {isa = PBXFileReference; lastKnownFileType = sourcecode.swift; path = Wind.swift; sourceTree = "<group>"; };
		042C689424CAF5090083A495 /* Sys.swift */ = {isa = PBXFileReference; lastKnownFileType = sourcecode.swift; path = Sys.swift; sourceTree = "<group>"; };
		042C689524CAF5090083A495 /* Clouds.swift */ = {isa = PBXFileReference; lastKnownFileType = sourcecode.swift; path = Clouds.swift; sourceTree = "<group>"; };
		042C689624CAF50A0083A495 /* Main.swift */ = {isa = PBXFileReference; lastKnownFileType = sourcecode.swift; path = Main.swift; sourceTree = "<group>"; };
		042C689724CAF50A0083A495 /* Coord.swift */ = {isa = PBXFileReference; lastKnownFileType = sourcecode.swift; path = Coord.swift; sourceTree = "<group>"; };
		042C689824CAF50A0083A495 /* Weather.swift */ = {isa = PBXFileReference; lastKnownFileType = sourcecode.swift; path = Weather.swift; sourceTree = "<group>"; };
		042C68A024CAF8900083A495 /* Weather Model.swift */ = {isa = PBXFileReference; fileEncoding = 4; lastKnownFileType = sourcecode.swift; name = "Weather Model.swift"; path = "../../../../Weather Model.swift"; sourceTree = "<group>"; };
		042C68C424CB01830083A495 /* UpdatedDataTableViewController.swift */ = {isa = PBXFileReference; lastKnownFileType = sourcecode.swift; path = UpdatedDataTableViewController.swift; sourceTree = "<group>"; };
		04393AF024C1845E00C76FAF /* Covid19ViewController.swift */ = {isa = PBXFileReference; lastKnownFileType = sourcecode.swift; path = Covid19ViewController.swift; sourceTree = "<group>"; };
		04393AF324C1848300C76FAF /* WeatherInformationViewController.swift */ = {isa = PBXFileReference; lastKnownFileType = sourcecode.swift; path = WeatherInformationViewController.swift; sourceTree = "<group>"; };
		0449FF2124C8640F0010C1FB /* Country List.swift */ = {isa = PBXFileReference; lastKnownFileType = sourcecode.swift; path = "Country List.swift"; sourceTree = "<group>"; };
		046BD92C24C2C78600585D8C /* Weather.jpg */ = {isa = PBXFileReference; lastKnownFileType = image.jpeg; name = Weather.jpg; path = ../../Udemy/Weather.jpg; sourceTree = "<group>"; };
		046BD92D24C2C78700585D8C /* BMICalculator.jpg */ = {isa = PBXFileReference; lastKnownFileType = image.jpeg; name = BMICalculator.jpg; path = ../../Udemy/BMICalculator.jpg; sourceTree = "<group>"; };
		046BD92E24C2C78700585D8C /* Covid19Update.jpg */ = {isa = PBXFileReference; lastKnownFileType = image.jpeg; name = Covid19Update.jpg; path = ../../Udemy/Covid19Update.jpg; sourceTree = "<group>"; };
		046BD93224C2C98200585D8C /* Covid19UpdateViewController.swift */ = {isa = PBXFileReference; lastKnownFileType = sourcecode.swift; path = Covid19UpdateViewController.swift; sourceTree = "<group>"; };
		046BD93424C2C9E100585D8C /* WeatherViewController.swift */ = {isa = PBXFileReference; lastKnownFileType = sourcecode.swift; path = WeatherViewController.swift; sourceTree = "<group>"; };
		046BD93624C2D81700585D8C /* BMIViewController.swift */ = {isa = PBXFileReference; lastKnownFileType = sourcecode.swift; path = BMIViewController.swift; sourceTree = "<group>"; };
		046C2B9824C02E36007ADFAC /* AdviceViewController.swift */ = {isa = PBXFileReference; lastKnownFileType = sourcecode.swift; path = AdviceViewController.swift; sourceTree = "<group>"; };
		046C2BBA24C0852C007ADFAC /* AdviceBrain.swift */ = {isa = PBXFileReference; lastKnownFileType = sourcecode.swift; path = AdviceBrain.swift; sourceTree = "<group>"; };
		046C2BBC24C0B0C3007ADFAC /* WebViewController.swift */ = {isa = PBXFileReference; lastKnownFileType = sourcecode.swift; path = WebViewController.swift; sourceTree = "<group>"; };
		04ED1B5124C9A12100EC154D /* Country List Manager.swift */ = {isa = PBXFileReference; lastKnownFileType = sourcecode.swift; path = "Country List Manager.swift"; sourceTree = "<group>"; };
		04ED1B5324C9A6AA00EC154D /* CounrtyListTableViewController.swift */ = {isa = PBXFileReference; lastKnownFileType = sourcecode.swift; path = CounrtyListTableViewController.swift; sourceTree = "<group>"; };
		04FCA09624C5E54400F0565B /* WeatherManager.swift */ = {isa = PBXFileReference; lastKnownFileType = sourcecode.swift; path = WeatherManager.swift; sourceTree = "<group>"; };
/* End PBXFileReference section */

/* Begin PBXFrameworksBuildPhase section */
		0422249724BB0592002555FE /* Frameworks */ = {
			isa = PBXFrameworksBuildPhase;
			buildActionMask = 2147483647;
			files = (
			);
			runOnlyForDeploymentPostprocessing = 0;
		};
/* End PBXFrameworksBuildPhase section */

/* Begin PBXGroup section */
		0422249124BB0592002555FE = {
			isa = PBXGroup;
			children = (
				0422249C24BB0592002555FE /* Health Care App */,
				0422249B24BB0592002555FE /* Products */,
			);
			sourceTree = "<group>";
		};
		0422249B24BB0592002555FE /* Products */ = {
			isa = PBXGroup;
			children = (
				0422249A24BB0592002555FE /* Health Care App.app */,
			);
			name = Products;
			sourceTree = "<group>";
		};
		0422249C24BB0592002555FE /* Health Care App */ = {
			isa = PBXGroup;
			children = (
				042224B324BB0601002555FE /* Delegate */,
				042224B524BB061F002555FE /* Model */,
				042224B124BB05A6002555FE /* View */,
				04241DE724BEE095001477B2 /* View Model */,
				042224B224BB05F2002555FE /* Controller */,
				042224A624BB059C002555FE /* Assets.xcassets */,
				046BD92D24C2C78700585D8C /* BMICalculator.jpg */,
				046BD92E24C2C78700585D8C /* Covid19Update.jpg */,
				046BD92C24C2C78600585D8C /* Weather.jpg */,
				042224AB24BB059C002555FE /* Info.plist */,
			);
			path = "Health Care App";
			sourceTree = "<group>";
		};
		042224B124BB05A6002555FE /* View */ = {
			isa = PBXGroup;
			children = (
				042224A324BB0593002555FE /* Main.storyboard */,
				042224A824BB059C002555FE /* LaunchScreen.storyboard */,
			);
			path = View;
			sourceTree = "<group>";
		};
		042224B224BB05F2002555FE /* Controller */ = {
			isa = PBXGroup;
			children = (
				04393AEE24C1827600C76FAF /* BMI Controllers */,
				04393AEF24C1843300C76FAF /* Covid19 Controllers */,
				04393AF224C1846A00C76FAF /* Weather Controllers */,
				040B876024C710E2000BA05D /* BaseViewController.swift */,
				042C689024CAE6A80083A495 /* Base Class.swift */,
			);
			path = Controller;
			sourceTree = "<group>";
		};
		042224B324BB0601002555FE /* Delegate */ = {
			isa = PBXGroup;
			children = (
				0422249D24BB0593002555FE /* AppDelegate.swift */,
				0422249F24BB0593002555FE /* SceneDelegate.swift */,
			);
			path = Delegate;
			sourceTree = "<group>";
		};
		042224B524BB061F002555FE /* Model */ = {
			isa = PBXGroup;
			children = (
				04393AEC24C1823B00C76FAF /* BMI Model */,
				046BD92624C2B1B400585D8C /* Covid19 Model */,
				046BD92724C2B1DC00585D8C /* Weather Model */,
			);
			path = Model;
			sourceTree = "<group>";
		};
		04241DE724BEE095001477B2 /* View Model */ = {
			isa = PBXGroup;
			children = (
				04393AED24C1825700C76FAF /* BMI ViewModel */,
				046BD92824C2B1EB00585D8C /* Covid19 ViewModel */,
				046BD92924C2B1FD00585D8C /* Weather ViewModel */,
			);
			path = "View Model";
			sourceTree = "<group>";
		};
		04393AEC24C1823B00C76FAF /* BMI Model */ = {
			isa = PBXGroup;
			children = (
				041E8E8C24BB64E800225DEE /* BMI.swift */,
				04241DEC24BF1462001477B2 /* Information.swift */,
				04241DEA24BF143D001477B2 /* Advice.swift */,
			);
			path = "BMI Model";
			sourceTree = "<group>";
		};
		04393AED24C1825700C76FAF /* BMI ViewModel */ = {
			isa = PBXGroup;
			children = (
				04241DE824BEE2F1001477B2 /* BMICalctatorBrain.swift */,
				04241DEE24BF1B48001477B2 /* InformationBrain.swift */,
				046C2BBA24C0852C007ADFAC /* AdviceBrain.swift */,
			);
			path = "BMI ViewModel";
			sourceTree = "<group>";
		};
		04393AEE24C1827600C76FAF /* BMI Controllers */ = {
			isa = PBXGroup;
			children = (
				046BD93624C2D81700585D8C /* BMIViewController.swift */,
				042224A124BB0593002555FE /* CalculateViewController.swift */,
				042224B824BB344D002555FE /* ResultViewController.swift */,
				04241DE524BEC2BD001477B2 /* InformationViewController.swift */,
				046C2B9824C02E36007ADFAC /* AdviceViewController.swift */,
				046C2BBC24C0B0C3007ADFAC /* WebViewController.swift */,
			);
			path = "BMI Controllers";
			sourceTree = "<group>";
		};
		04393AEF24C1843300C76FAF /* Covid19 Controllers */ = {
			isa = PBXGroup;
			children = (
				04393AF024C1845E00C76FAF /* Covid19ViewController.swift */,
				04ED1B5324C9A6AA00EC154D /* CounrtyListTableViewController.swift */,
				042C68C424CB01830083A495 /* UpdatedDataTableViewController.swift */,
				046BD93224C2C98200585D8C /* Covid19UpdateViewController.swift */,
			);
			path = "Covid19 Controllers";
			sourceTree = "<group>";
		};
		04393AF224C1846A00C76FAF /* Weather Controllers */ = {
			isa = PBXGroup;
			children = (
				046BD93424C2C9E100585D8C /* WeatherViewController.swift */,
				04393AF324C1848300C76FAF /* WeatherInformationViewController.swift */,
			);
			path = "Weather Controllers";
			sourceTree = "<group>";
		};
		046BD92624C2B1B400585D8C /* Covid19 Model */ = {
			isa = PBXGroup;
			children = (
				040B875C24C6FBAA000BA05D /* Country Model.swift */,
				0449FF2124C8640F0010C1FB /* Country List.swift */,
			);
			path = "Covid19 Model";
			sourceTree = "<group>";
		};
		046BD92724C2B1DC00585D8C /* Weather Model */ = {
			isa = PBXGroup;
			children = (
				042C68A024CAF8900083A495 /* Weather Model.swift */,
				042C689724CAF50A0083A495 /* Coord.swift */,
				042C689524CAF5090083A495 /* Clouds.swift */,
				042C689624CAF50A0083A495 /* Main.swift */,
				042C689224CAF5090083A495 /* Rain.swift */,
				042C689424CAF5090083A495 /* Sys.swift */,
				042C689824CAF50A0083A495 /* Weather.swift */,
				042C689324CAF5090083A495 /* Wind.swift */,
			);
			path = "Weather Model";
			sourceTree = "<group>";
		};
		046BD92824C2B1EB00585D8C /* Covid19 ViewModel */ = {
			isa = PBXGroup;
			children = (
				04ED1B5124C9A12100EC154D /* Country List Manager.swift */,
				040B875E24C6FBF3000BA05D /* Country Data Manager.swift */,
			);
			path = "Covid19 ViewModel";
			sourceTree = "<group>";
		};
		046BD92924C2B1FD00585D8C /* Weather ViewModel */ = {
			isa = PBXGroup;
			children = (
				04FCA09624C5E54400F0565B /* WeatherManager.swift */,
			);
			path = "Weather ViewModel";
			sourceTree = "<group>";
		};
/* End PBXGroup section */

/* Begin PBXNativeTarget section */
		0422249924BB0592002555FE /* Health Care App */ = {
			isa = PBXNativeTarget;
			buildConfigurationList = 042224AE24BB059C002555FE /* Build configuration list for PBXNativeTarget "Health Care App" */;
			buildPhases = (
				0422249624BB0592002555FE /* Sources */,
				0422249724BB0592002555FE /* Frameworks */,
				0422249824BB0592002555FE /* Resources */,
			);
			buildRules = (
			);
			dependencies = (
			);
			name = "Health Care App";
			productName = "BMI Calculator App";
			productReference = 0422249A24BB0592002555FE /* Health Care App.app */;
			productType = "com.apple.product-type.application";
		};
/* End PBXNativeTarget section */

/* Begin PBXProject section */
		0422249224BB0592002555FE /* Project object */ = {
			isa = PBXProject;
			attributes = {
				LastSwiftUpdateCheck = 1150;
				LastUpgradeCheck = 1150;
				ORGANIZATIONNAME = Mac;
				TargetAttributes = {
					0422249924BB0592002555FE = {
						CreatedOnToolsVersion = 11.5;
					};
				};
			};
			buildConfigurationList = 0422249524BB0592002555FE /* Build configuration list for PBXProject "Health Care App" */;
			compatibilityVersion = "Xcode 9.3";
			developmentRegion = en;
			hasScannedForEncodings = 0;
			knownRegions = (
				en,
				Base,
			);
			mainGroup = 0422249124BB0592002555FE;
			productRefGroup = 0422249B24BB0592002555FE /* Products */;
			projectDirPath = "";
			projectRoot = "";
			targets = (
				0422249924BB0592002555FE /* Health Care App */,
			);
		};
/* End PBXProject section */

/* Begin PBXResourcesBuildPhase section */
		0422249824BB0592002555FE /* Resources */ = {
			isa = PBXResourcesBuildPhase;
			buildActionMask = 2147483647;
			files = (
				046BD93124C2C78700585D8C /* Covid19Update.jpg in Resources */,
				042224AA24BB059C002555FE /* LaunchScreen.storyboard in Resources */,
				042224A724BB059C002555FE /* Assets.xcassets in Resources */,
				046BD92F24C2C78700585D8C /* Weather.jpg in Resources */,
				046BD93024C2C78700585D8C /* BMICalculator.jpg in Resources */,
				042224A524BB0593002555FE /* Main.storyboard in Resources */,
			);
			runOnlyForDeploymentPostprocessing = 0;
		};
/* End PBXResourcesBuildPhase section */

/* Begin PBXSourcesBuildPhase section */
		0422249624BB0592002555FE /* Sources */ = {
			isa = PBXSourcesBuildPhase;
			buildActionMask = 2147483647;
			files = (
				042C689F24CAF50A0083A495 /* Weather.swift in Sources */,
				042C68A124CAF8900083A495 /* Weather Model.swift in Sources */,
				04ED1B5224C9A12100EC154D /* Country List Manager.swift in Sources */,
				042C689C24CAF50A0083A495 /* Wind.swift in Sources */,
				042224B924BB344D002555FE /* ResultViewController.swift in Sources */,
				046BD93724C2D81700585D8C /* BMIViewController.swift in Sources */,
				04393AF424C1848300C76FAF /* WeatherInformationViewController.swift in Sources */,
				042224A224BB0593002555FE /* CalculateViewController.swift in Sources */,
				040B876124C710E2000BA05D /* BaseViewController.swift in Sources */,
				042C689B24CAF50A0083A495 /* Coord.swift in Sources */,
				042C689E24CAF50A0083A495 /* Clouds.swift in Sources */,
				04241DEB24BF143D001477B2 /* Advice.swift in Sources */,
				042C689924CAF50A0083A495 /* Rain.swift in Sources */,
				040B875F24C6FBF3000BA05D /* Country Data Manager.swift in Sources */,
				0449FF2224C8640F0010C1FB /* Country List.swift in Sources */,
				0422249E24BB0593002555FE /* AppDelegate.swift in Sources */,
				04393AF124C1845E00C76FAF /* Covid19ViewController.swift in Sources */,
				046C2B9924C02E36007ADFAC /* AdviceViewController.swift in Sources */,
				040B875D24C6FBAA000BA05D /* Country Model.swift in Sources */,
				046BD93324C2C98200585D8C /* Covid19UpdateViewController.swift in Sources */,
				042C689A24CAF50A0083A495 /* Main.swift in Sources */,
				04241DE924BEE2F1001477B2 /* BMICalctatorBrain.swift in Sources */,
				04241DE624BEC2BD001477B2 /* InformationViewController.swift in Sources */,
				042C689124CAE6A80083A495 /* Base Class.swift in Sources */,
				04241DEF24BF1B49001477B2 /* InformationBrain.swift in Sources */,
				046C2BBD24C0B0C3007ADFAC /* WebViewController.swift in Sources */,
				042C68C524CB01830083A495 /* UpdatedDataTableViewController.swift in Sources */,
				046C2BBB24C0852C007ADFAC /* AdviceBrain.swift in Sources */,
				046BD93524C2C9E100585D8C /* WeatherViewController.swift in Sources */,
				04FCA09724C5E54400F0565B /* WeatherManager.swift in Sources */,
				042C689D24CAF50A0083A495 /* Sys.swift in Sources */,
				04ED1B5424C9A6AA00EC154D /* CounrtyListTableViewController.swift in Sources */,
				041E8E8D24BB64E800225DEE /* BMI.swift in Sources */,
				04241DED24BF1462001477B2 /* Information.swift in Sources */,
				042224A024BB0593002555FE /* SceneDelegate.swift in Sources */,
			);
			runOnlyForDeploymentPostprocessing = 0;
		};
/* End PBXSourcesBuildPhase section */

/* Begin PBXVariantGroup section */
		042224A324BB0593002555FE /* Main.storyboard */ = {
			isa = PBXVariantGroup;
			children = (
				042224A424BB0593002555FE /* Base */,
			);
			name = Main.storyboard;
			sourceTree = "<group>";
		};
		042224A824BB059C002555FE /* LaunchScreen.storyboard */ = {
			isa = PBXVariantGroup;
			children = (
				042224A924BB059C002555FE /* Base */,
			);
			name = LaunchScreen.storyboard;
			sourceTree = "<group>";
		};
/* End PBXVariantGroup section */

/* Begin XCBuildConfiguration section */
		042224AC24BB059C002555FE /* Debug */ = {
			isa = XCBuildConfiguration;
			buildSettings = {
				ALWAYS_SEARCH_USER_PATHS = NO;
				CLANG_ANALYZER_NONNULL = YES;
				CLANG_ANALYZER_NUMBER_OBJECT_CONVERSION = YES_AGGRESSIVE;
				CLANG_CXX_LANGUAGE_STANDARD = "gnu++14";
				CLANG_CXX_LIBRARY = "libc++";
				CLANG_ENABLE_MODULES = YES;
				CLANG_ENABLE_OBJC_ARC = YES;
				CLANG_ENABLE_OBJC_WEAK = YES;
				CLANG_WARN_BLOCK_CAPTURE_AUTORELEASING = YES;
				CLANG_WARN_BOOL_CONVERSION = YES;
				CLANG_WARN_COMMA = YES;
				CLANG_WARN_CONSTANT_CONVERSION = YES;
				CLANG_WARN_DEPRECATED_OBJC_IMPLEMENTATIONS = YES;
				CLANG_WARN_DIRECT_OBJC_ISA_USAGE = YES_ERROR;
				CLANG_WARN_DOCUMENTATION_COMMENTS = YES;
				CLANG_WARN_EMPTY_BODY = YES;
				CLANG_WARN_ENUM_CONVERSION = YES;
				CLANG_WARN_INFINITE_RECURSION = YES;
				CLANG_WARN_INT_CONVERSION = YES;
				CLANG_WARN_NON_LITERAL_NULL_CONVERSION = YES;
				CLANG_WARN_OBJC_IMPLICIT_RETAIN_SELF = YES;
				CLANG_WARN_OBJC_LITERAL_CONVERSION = YES;
				CLANG_WARN_OBJC_ROOT_CLASS = YES_ERROR;
				CLANG_WARN_RANGE_LOOP_ANALYSIS = YES;
				CLANG_WARN_STRICT_PROTOTYPES = YES;
				CLANG_WARN_SUSPICIOUS_MOVE = YES;
				CLANG_WARN_UNGUARDED_AVAILABILITY = YES_AGGRESSIVE;
				CLANG_WARN_UNREACHABLE_CODE = YES;
				CLANG_WARN__DUPLICATE_METHOD_MATCH = YES;
				COPY_PHASE_STRIP = NO;
				DEBUG_INFORMATION_FORMAT = dwarf;
				ENABLE_STRICT_OBJC_MSGSEND = YES;
				ENABLE_TESTABILITY = YES;
				GCC_C_LANGUAGE_STANDARD = gnu11;
				GCC_DYNAMIC_NO_PIC = NO;
				GCC_NO_COMMON_BLOCKS = YES;
				GCC_OPTIMIZATION_LEVEL = 0;
				GCC_PREPROCESSOR_DEFINITIONS = (
					"DEBUG=1",
					"$(inherited)",
				);
				GCC_WARN_64_TO_32_BIT_CONVERSION = YES;
				GCC_WARN_ABOUT_RETURN_TYPE = YES_ERROR;
				GCC_WARN_UNDECLARED_SELECTOR = YES;
				GCC_WARN_UNINITIALIZED_AUTOS = YES_AGGRESSIVE;
				GCC_WARN_UNUSED_FUNCTION = YES;
				GCC_WARN_UNUSED_VARIABLE = YES;
				IPHONEOS_DEPLOYMENT_TARGET = 13.5;
				MTL_ENABLE_DEBUG_INFO = INCLUDE_SOURCE;
				MTL_FAST_MATH = YES;
				ONLY_ACTIVE_ARCH = YES;
				SDKROOT = iphoneos;
				SWIFT_ACTIVE_COMPILATION_CONDITIONS = DEBUG;
				SWIFT_OPTIMIZATION_LEVEL = "-Onone";
			};
			name = Debug;
		};
		042224AD24BB059C002555FE /* Release */ = {
			isa = XCBuildConfiguration;
			buildSettings = {
				ALWAYS_SEARCH_USER_PATHS = NO;
				CLANG_ANALYZER_NONNULL = YES;
				CLANG_ANALYZER_NUMBER_OBJECT_CONVERSION = YES_AGGRESSIVE;
				CLANG_CXX_LANGUAGE_STANDARD = "gnu++14";
				CLANG_CXX_LIBRARY = "libc++";
				CLANG_ENABLE_MODULES = YES;
				CLANG_ENABLE_OBJC_ARC = YES;
				CLANG_ENABLE_OBJC_WEAK = YES;
				CLANG_WARN_BLOCK_CAPTURE_AUTORELEASING = YES;
				CLANG_WARN_BOOL_CONVERSION = YES;
				CLANG_WARN_COMMA = YES;
				CLANG_WARN_CONSTANT_CONVERSION = YES;
				CLANG_WARN_DEPRECATED_OBJC_IMPLEMENTATIONS = YES;
				CLANG_WARN_DIRECT_OBJC_ISA_USAGE = YES_ERROR;
				CLANG_WARN_DOCUMENTATION_COMMENTS = YES;
				CLANG_WARN_EMPTY_BODY = YES;
				CLANG_WARN_ENUM_CONVERSION = YES;
				CLANG_WARN_INFINITE_RECURSION = YES;
				CLANG_WARN_INT_CONVERSION = YES;
				CLANG_WARN_NON_LITERAL_NULL_CONVERSION = YES;
				CLANG_WARN_OBJC_IMPLICIT_RETAIN_SELF = YES;
				CLANG_WARN_OBJC_LITERAL_CONVERSION = YES;
				CLANG_WARN_OBJC_ROOT_CLASS = YES_ERROR;
				CLANG_WARN_RANGE_LOOP_ANALYSIS = YES;
				CLANG_WARN_STRICT_PROTOTYPES = YES;
				CLANG_WARN_SUSPICIOUS_MOVE = YES;
				CLANG_WARN_UNGUARDED_AVAILABILITY = YES_AGGRESSIVE;
				CLANG_WARN_UNREACHABLE_CODE = YES;
				CLANG_WARN__DUPLICATE_METHOD_MATCH = YES;
				COPY_PHASE_STRIP = NO;
				DEBUG_INFORMATION_FORMAT = "dwarf-with-dsym";
				ENABLE_NS_ASSERTIONS = NO;
				ENABLE_STRICT_OBJC_MSGSEND = YES;
				GCC_C_LANGUAGE_STANDARD = gnu11;
				GCC_NO_COMMON_BLOCKS = YES;
				GCC_WARN_64_TO_32_BIT_CONVERSION = YES;
				GCC_WARN_ABOUT_RETURN_TYPE = YES_ERROR;
				GCC_WARN_UNDECLARED_SELECTOR = YES;
				GCC_WARN_UNINITIALIZED_AUTOS = YES_AGGRESSIVE;
				GCC_WARN_UNUSED_FUNCTION = YES;
				GCC_WARN_UNUSED_VARIABLE = YES;
				IPHONEOS_DEPLOYMENT_TARGET = 13.5;
				MTL_ENABLE_DEBUG_INFO = NO;
				MTL_FAST_MATH = YES;
				SDKROOT = iphoneos;
				SWIFT_COMPILATION_MODE = wholemodule;
				SWIFT_OPTIMIZATION_LEVEL = "-O";
				VALIDATE_PRODUCT = YES;
			};
			name = Release;
		};
		042224AF24BB059C002555FE /* Debug */ = {
			isa = XCBuildConfiguration;
			buildSettings = {
				ASSETCATALOG_COMPILER_APPICON_NAME = AppIcon;
				CODE_SIGN_STYLE = Automatic;
				INFOPLIST_FILE = "Health Care App/Info.plist";
				IPHONEOS_DEPLOYMENT_TARGET = 13.0;
				LD_RUNPATH_SEARCH_PATHS = (
					"$(inherited)",
					"@executable_path/Frameworks",
				);
				PRODUCT_BUNDLE_IDENTIFIER = "com.mac.Health-Care-App";
				PRODUCT_NAME = "$(TARGET_NAME)";
				SWIFT_VERSION = 5.0;
				TARGETED_DEVICE_FAMILY = "1,2";
			};
			name = Debug;
		};
		042224B024BB059C002555FE /* Release */ = {
			isa = XCBuildConfiguration;
			buildSettings = {
				ASSETCATALOG_COMPILER_APPICON_NAME = AppIcon;
				CODE_SIGN_STYLE = Automatic;
				INFOPLIST_FILE = "Health Care App/Info.plist";
				IPHONEOS_DEPLOYMENT_TARGET = 13.0;
				LD_RUNPATH_SEARCH_PATHS = (
					"$(inherited)",
					"@executable_path/Frameworks",
				);
				PRODUCT_BUNDLE_IDENTIFIER = "com.mac.Health-Care-App";
				PRODUCT_NAME = "$(TARGET_NAME)";
				SWIFT_VERSION = 5.0;
				TARGETED_DEVICE_FAMILY = "1,2";
			};
			name = Release;
		};
/* End XCBuildConfiguration section */

/* Begin XCConfigurationList section */
		0422249524BB0592002555FE /* Build configuration list for PBXProject "Health Care App" */ = {
			isa = XCConfigurationList;
			buildConfigurations = (
				042224AC24BB059C002555FE /* Debug */,
				042224AD24BB059C002555FE /* Release */,
			);
			defaultConfigurationIsVisible = 0;
			defaultConfigurationName = Release;
		};
		042224AE24BB059C002555FE /* Build configuration list for PBXNativeTarget "Health Care App" */ = {
			isa = XCConfigurationList;
			buildConfigurations = (
				042224AF24BB059C002555FE /* Debug */,
				042224B024BB059C002555FE /* Release */,
			);
			defaultConfigurationIsVisible = 0;
			defaultConfigurationName = Release;
		};
/* End XCConfigurationList section */
	};
	rootObject = 0422249224BB0592002555FE /* Project object */;
}
